{
    "_meta": {
        "hash": {
            "sha256": "c1922252b1b63c5bec46e89dd004123d2e671ab649c87c8b1a798ad74c6a6ead"
        },
        "pipfile-spec": 6,
        "requires": {
            "python_version": "2.7"
        },
        "sources": [
            {
                "name": "pypi",
                "url": "https://pypi.python.org/simple",
                "verify_ssl": true
            }
        ]
    },
    "default": {
        "backports.shutil-get-terminal-size": {
            "hashes": [
                "sha256:0975ba55054c15e346944b38956a4c9cbee9009391e41b86c68990effb8c1f64",
                "sha256:713e7a8228ae80341c70586d1cc0a8caa5207346927e23d09dcbcaf18eadec80"
            ],
            "index": "pypi",
            "markers": "python_version == '2.7'",
            "version": "==1.0.0"
        },
        "beautifulsoup4": {
            "hashes": [
                "sha256:35815098d9d0bf5d3a782346a3945b000592d0e93e2538a502d0d6807130d675",
                "sha256:3c9474036afda9136aac6463def733f81017bf9ef3510d25634f335b0c87f5e1",
                "sha256:bb3dba571c2f7ddcaf3e70ad8b67878a85ac41889dcba75a30b8f7b0b5960b6d"
            ],
            "index": "pypi",
            "version": "==4.5.1"
        },
        "blinker": {
            "hashes": [
                "sha256:471aee25f3992bd325afa3772f1063dbdbbca947a041b8b89466dc00d606f8b6"
            ],
            "index": "pypi",
            "version": "==1.4"
        },
        "bs4": {
            "hashes": [
                "sha256:36ecea1fd7cc5c0c6e4a1ff075df26d50da647b75376626cc186e2212886dd3a"
            ],
            "index": "pypi",
            "version": "==0.0.1"
        },
        "configparser": {
            "hashes": [
                "sha256:5308b47021bc2340965c371f0f058cc6971a04502638d4244225c49d80db273a"
            ],
            "index": "pypi",
            "version": "==3.5.0"
        },
        "decorator": {
            "hashes": [
                "sha256:5aff536ed9a65c99e8465c774d5859e56e52300aea0a5012c7a1c4a781fbdddb",
                "sha256:9c6e98edcb33499881b86ede07d9968c81ab7c769e28e9af24075f0a5379f070"
            ],
            "index": "pypi",
            "version": "==4.0.10"
        },
        "docutils": {
            "hashes": [
                "sha256:c7db717810ab6965f66c8cf0398a98c9d8df982da39b4cd7f162911eb89596fa",
                "sha256:dcebd4928112631626f4c4d0df59787c748404e66dda952110030ea883d3b8cd"
            ],
            "index": "pypi",
            "version": "==0.12"
        },
        "entrypoints": {
            "hashes": [
                "sha256:0a0685962ee5ac303f470acbb659f0f97aef5b9deb6b85d059691c706ef6e45e"
            ],
            "index": "pypi",
            "version": "==0.2.2"
        },
        "enum34": {
            "hashes": [
                "sha256:2d81cbbe0e73112bdfe6ef8576f2238f2ba27dd0d55752a776c41d38b7da2850",
                "sha256:644837f692e5f550741432dd3f223bbb9852018674981b1664e5dc339387588a",
                "sha256:6bd0f6ad48ec2aa117d3d141940d484deccda84d4fcd884f5c3d93c23ecd8c79",
                "sha256:8ad8c4783bf61ded74527bffb48ed9b54166685e4230386a9ed9b1279e2df5b1"
            ],
            "index": "pypi",
            "version": "==1.1.6"
        },
        "feedgenerator": {
            "hashes": [
                "sha256:5ae05daa9cfa47fa406ee4744d0b7fa1c8a05a7a47ee0ad328ddf55327cfb106"
            ],
            "index": "pypi",
            "version": "==1.9"
        },
        "functools32": {
            "hashes": [
                "sha256:89d824aa6c358c421a234d7f9ee0bd75933a67c29588ce50aaa3acdf4d403fa0",
                "sha256:f6253dfbe0538ad2e387bd8fdfd9293c925d63553f5813c4e587745416501e6d"
            ],
            "index": "pypi",
            "version": "==3.2.3.post2"
        },
        "ghp-import": {
            "hashes": [
                "sha256:3e924ea720e4e1f82d56753db2154bfb86067472c5830732159c3a4c4fbc75d7"
            ],
            "index": "pypi",
            "version": "==0.5.5"
        },
        "ipython": {
            "hashes": [
                "sha256:2db893efa27c237f314a4f28294279f5dabafff1d0a7bbb45f95e44edb17810c",
                "sha256:4452b99ed28453c68dbd2765899d3df8fa5b2bb98dcceb2028ca9c0ccbcc37eb",
                "sha256:7ef4694e1345913182126b219aaa4a0047e191af414256da6772cf249571b961",
                "sha256:e0dcab13f935afbb6441a1c34a882cd558dcb590ef295560f5a1af247e554931"
            ],
            "index": "pypi",
            "version": "==5.1.0"
        },
        "ipython-genutils": {
            "hashes": [
                "sha256:0c43fa84e93ad0e4dbecaffc6656ac1caf1a48359b2bb0a5da3af84164e3f49b",
                "sha256:3a0624a251a26463c9dfa0ffa635ec51c4265380980d9a50d65611c3c2bd82a6",
                "sha256:6218e9abd612fb5acfb175ea7c7b026006de4df9691d9a73c9b390cfa1a41c2b"
            ],
            "index": "pypi",
            "version": "==0.1.0"
        },
        "jinja2": {
            "hashes": [
                "sha256:1cc03ef32b64be19e0a5b54578dd790906a34943fe9102cfdae0d4495bd536b4",
                "sha256:bc1ff2ff88dbfacefde4ddde471d1417d3b304e8df103a7a9437d47269201bf4"
            ],
            "index": "pypi",
            "version": "==2.8"
        },
        "jsonschema": {
            "hashes": [
                "sha256:36673ac378feed3daa5956276a829699056523d7961027911f064b52255ead41",
                "sha256:71e7b3bcf9fca408bcb65bb60892f375d3abdd2e4f296eeeb8fe0bbbfcde598e",
                "sha256:9088494da4c74497a7a27842ae4ca9c3355b5f7754121edc440463eaf020f079"
            ],
            "index": "pypi",
            "version": "==2.5.1"
        },
        "jupyter-core": {
            "hashes": [
                "sha256:0a168fb999e27f909900893bf14a7b7dc16ee7445bd8d420f1c9e55de19e0853",
                "sha256:44ec837a53bebf4e937112d3f9ccf31fee4f8db3e406dd0dd4f0378a354bed9c"
            ],
            "index": "pypi",
            "version": "==4.2.0"
        },
        "latexcodec": {
            "hashes": [
                "sha256:62bf8a3ee298f169a4d014dad5522bc1325b54dc98789a453fd338620387cb6c",
                "sha256:f896e28da6ebb38674206558b5fec10192c3db1620aa7c570a314057bd3477e8"
            ],
            "index": "pypi",
            "version": "==1.0.4"
        },
        "markdown": {
            "hashes": [
                "sha256:61169c455b0e541ac8b6d0cac33c785f14d486b4b24f28a58d63faeec6f2d0a8",
                "sha256:daebf24846efa7ff269cfde8c41a48bb2303920c7b2c7c5e04fa82e6282d05c0"
            ],
            "index": "pypi",
            "version": "==2.6.7"
        },
        "markupsafe": {
            "hashes": [
                "sha256:a4ec1aff59b95a14b45eb2e23761a0179e98319da5a7eb76b56ea8cdc7b871c3"
            ],
            "index": "pypi",
            "version": "==0.23"
        },
        "mistune": {
            "hashes": [
                "sha256:21d0e869df3b9189f248e022f1c9763cf9069e1a2f00676f1f1852bd7f98b713",
                "sha256:ee7447aadcf1962b5af767ff0443dcb0499c16bf73ad36dc99d230e7574571e5"
            ],
            "index": "pypi",
            "version": "==0.7.3"
        },
        "nbconvert": {
            "hashes": [
                "sha256:55946d7522741294fcdd50799bd1777d16673ce721fecca0610cdb86749863c6",
                "sha256:c4c5c7033732d0334ed3b41618af9ea6b71274a026093db69bf6750eb92f0d31",
                "sha256:fde887f769d8a727f3496999aa388b07355220b5a7c0479840f41b0c9f0be77f"
            ],
            "index": "pypi",
            "version": "==4.2.0"
        },
        "nbformat": {
            "hashes": [
                "sha256:02f3474203248214f7a34ad0955d75490462dc0e328f9920d1ea8aa795ae3399",
                "sha256:dbf6c0ed0cb7c5a7184536368f1dd1ada2d48fd6f016e0f9e9b69236e28c0857"
            ],
            "index": "pypi",
            "version": "==4.1.0"
        },
        "pathlib2": {
            "hashes": [
                "sha256:d32550b75a818b289bd4c1f96b60c89957811da205afcceab75bc8b4857ea5b3",
                "sha256:db3e43032d23787d3e9aec8c7ef1e0d2c3c589d5f303477661ebda2ca6d4bfba"
            ],
            "index": "pypi",
            "version": "==2.3.0"
        },
        "pelican": {
            "hashes": [
                "sha256:13b9c41ea3342b7eb0fd7f74078b5a8d5035632f05d8680266f50f4c5626c9c2",
                "sha256:b98b5cd7d516b6bdb330a9916b8ce192310b2deaf2c89e2322aa77d1423cfeb7"
            ],
            "index": "pypi",
            "version": "==3.6.3"
        },
        "pexpect": {
            "hashes": [
                "sha256:3d132465a75b57aa818341c6521392a06cc660feb3988d7f1074f39bd23c9a92",
                "sha256:f853b52afaf3b064d29854771e2db509ef80392509bde2dd7a6ecf2dfc3f0018"
            ],
            "index": "pypi",
            "version": "==4.2.1"
        },
        "pickleshare": {
            "hashes": [
                "sha256:84a9257227dfdd6fe1b4be1319096c20eb85ff1e82c7932f36efccfe1b09737b",
                "sha256:c9a2541f25aeabc070f12f452e1f2a8eae2abd51e1cd19e8430402bdf4c1d8b5"
            ],
            "index": "pypi",
            "version": "==0.7.4"
        },
        "prompt-toolkit": {
            "hashes": [
                "sha256:2a90e971bd5cb958a80ce35507c97e063521b22dfd85ce05b5705c347d1193ed",
                "sha256:b7bbbc221159be8daab91269d48575f6c740000c03d537fc076ee176476c8b4c",
                "sha256:cd6523b36adc174cc10d54b1193eb626b4268609ff6ea92c15bcf1996609599c"
            ],
            "index": "pypi",
            "version": "==1.0.9"
        },
        "ptyprocess": {
            "hashes": [
                "sha256:0530ce63a9295bfae7bd06edc02b6aa935619f486f0f1dc0972f516265ee81a6",
                "sha256:464cb76f7a7122743dd25507650db89cd447c51f38e4671602b3eaa2e38e05ae"
            ],
            "index": "pypi",
            "version": "==0.5.1"
        },
        "pybtex": {
            "hashes": [
                "sha256:0be4149eb12670bd71a9dcb33614e61fbea46190fdb9ff82eccf6b17ac373e9c",
                "sha256:3eee4a49a30723c89c8e84d4daa3d7d873c63d0262c5a881db39675a615d3b33",
                "sha256:901028e8b7cea329a8adbe0f037e3a034c178027edf60e891d74861ebb17901f"
            ],
            "index": "pypi",
            "version": "==0.20.1"
        },
        "pygments": {
            "hashes": [
                "sha256:485602129949b14247e8b124d28af4654dffbd076537c4a9c44a538a2c1755b7",
                "sha256:88e4c8a91b2af5962bfa5ea2447ec6dd357018e86e94c7d14bd8cacbc5b55d81"
            ],
            "index": "pypi",
            "version": "==2.1.3"
        },
        "python-dateutil": {
            "hashes": [
                "sha256:3acbef017340600e9ff8f2994d8f7afd6eacb295383f286466a6df3961e486f0",
                "sha256:537bf2a8f8ce6f6862ad705cd68f9e405c0b5db014aa40fa29eab4335d4b1716",
                "sha256:62a2f8df3d66f878373fd0072eacf4ee52194ba302e00082828e0d263b0418d2"
            ],
            "index": "pypi",
            "version": "==2.6.0"
        },
        "pytz": {
            "hashes": [
                "sha256:054d9814d00254571cff84f6faedb25c046008322cbe51a6d5664c912b4f2929",
                "sha256:6eab31709e3a4aea748457707da45e805b650cbb352583805d2417de2a1dd71e",
                "sha256:8787de03f35f31699bcaf127e56ad14c00647965ed24d72dbaca87c6e4f843a3",
                "sha256:c6fe748ed6c676d9404b47897cfb399c514fb7428298465c8a3310ee5a2a0ec9"
            ],
            "index": "pypi",
            "version": "==2016.7"
        },
        "pyyaml": {
            "hashes": [
                "sha256:1adecc22f88d38052fb787d959f003811ca858b799590a5eaa70e63dca50308c",
                "sha256:436bc774ecf7c103814098159fbb84c2715d25980175292c648f2da143909f95",
                "sha256:460a5a4248763f6f37ea225d19d5c205677d8d525f6a83357ca622ed541830c2",
                "sha256:5a22a9c84653debfbf198d02fe592c176ea548cccce47553f35f466e15cf2fd4",
                "sha256:7a5d3f26b89d688db27822343dfa25c599627bc92093e788956372285c6298ad",
                "sha256:9372b04a02080752d9e6f990179a4ab840227c6e2ce15b95e1278456664cf2ba",
                "sha256:a5dcbebee834eaddf3fa7366316b880ff4062e4bcc9787b78c7fbb4a26ff2dd1",
                "sha256:aee5bab92a176e7cd034e57f46e9df9a9862a71f8f37cad167c6fc74c65f5b4e",
                "sha256:c51f642898c0bacd335fc119da60baae0824f2cde95b0330b56c0553439f0673",
                "sha256:c68ea4d3ba1705da1e0d85da6684ac657912679a649e8868bd850d2c299cce13",
                "sha256:e23d0cc5299223dcc37885dae624f382297717e459ea24053709675a976a3e19"
            ],
            "index": "pypi",
            "version": "==5.1"
        },
        "scandir": {
            "hashes": [
                "sha256:c2612d1a487d80fb4701b4a91ca1b8f8a695b1ae820570815e85e8c8b23f1283"
            ],
            "index": "pypi",
            "version": "==1.5"
        },
        "simplegeneric": {
            "hashes": [
                "sha256:dc972e06094b9af5b855b3df4a646395e43d1c9d0d39ed345b7393560d0b9173"
            ],
            "index": "pypi",
            "version": "==0.8.1"
        },
        "six": {
            "hashes": [
                "sha256:1f1b7d42e254082a9db6279deae68afb421ceba6158efa6131de7b3003ee93fd",
                "sha256:30f610279e8b2578cab6db20741130331735c781b56053c59c4076da27f06b66"
            ],
            "version": "==1.13.0"
        },
        "traitlets": {
            "hashes": [
                "sha256:50522e46dd7b66c80686d50ff1b774000f1d2a80c84b2bcfbd657d588e99a368",
                "sha256:ba8c94323ccbe8fd792e45d8efe8c95d3e0744cc8c085295b607552ab573724c"
            ],
            "index": "pypi",
            "version": "==4.3.1"
        },
        "unidecode": {
            "hashes": [
                "sha256:51477646a9169469e37e791b13ae65fcc75b7f7f570d0d3e514d077805c02e1e"
            ],
            "index": "pypi",
            "version": "==0.4.19"
        },
        "wand": {
            "hashes": [
                "sha256:28e0454c9d16d69c5d5034918d96320d8f9f1377b4fdaf4944eec2f938c74704",
                "sha256:fb50d0ad4cad995f0b59b13f76bced22682ab80b4299084a2c3c535b225850c9"
            ],
            "index": "pypi",
            "version": "==0.4.4"
        },
        "wcwidth": {
            "hashes": [
                "sha256:3df37372226d6e63e1b1e1eda15c594bca98a22d33a23832a90998faa96bc65e",
                "sha256:f4ebe71925af7b40a864553f761ed559b43544f8f71746c2d756c7fe788ade7c"
            ],
            "index": "pypi",
            "version": "==0.1.7"
        }
    },
    "develop": {}
}
